
Microsoft Visual Studio Solution File, Format Version 12.00
# Visual Studio 15
VisualStudioVersion = 15.0.27428.2027
MinimumVisualStudioVersion = 10.0.40219.1
Project("{FAE04EC0-301F-11D3-BF4B-00C04F79EFBC}") = "PropertyManagement", "PropertyManagement\PropertyManagement.csproj", "{94DBCFB0-79A1-4E20-B549-E289C1B1B7A7}"
EndProject
Project("{FAE04EC0-301F-11D3-BF4B-00C04F79EFBC}") = "WebApplication1", "WebApplication1\WebApplication1.csproj", "{DA4BA90E-D052-4727-8478-7A41ABB649CC}"
EndProject
Global
	GlobalSection(SolutionConfigurationPlatforms) = preSolution
		Debug|Any CPU = Debug|Any CPU
		Release|Any CPU = Release|Any CPU
	EndGlobalSection
	GlobalSection(ProjectConfigurationPlatforms) = postSolution
		{94DBCFB0-79A1-4E20-B549-E289C1B1B7A7}.Debug|Any CPU.ActiveCfg = Debug|Any CPU
		{94DBCFB0-79A1-4E20-B549-E289C1B1B7A7}.Debug|Any CPU.Build.0 = Debug|Any CPU
		{94DBCFB0-79A1-4E20-B549-E289C1B1B7A7}.Release|Any CPU.ActiveCfg = Release|Any CPU
		{94DBCFB0-79A1-4E20-B549-E289C1B1B7A7}.Release|Any CPU.Build.0 = Release|Any CPU
		{DA4BA90E-D052-4727-8478-7A41ABB649CC}.Debug|Any CPU.ActiveCfg = Debug|Any CPU
		{DA4BA90E-D052-4727-8478-7A41ABB649CC}.Debug|Any CPU.Build.0 = Debug|Any CPU
		{DA4BA90E-D052-4727-8478-7A41ABB649CC}.Release|Any CPU.ActiveCfg = Release|Any CPU
		{DA4BA90E-D052-4727-8478-7A41ABB649CC}.Release|Any CPU.Build.0 = Release|Any CPU
	EndGlobalSection
	GlobalSection(SolutionProperties) = preSolution
		HideSolutionNode = FALSE
	EndGlobalSection
	GlobalSection(ExtensibilityGlobals) = postSolution
		SolutionGuid = {DA8559A1-8973-4CAB-84CB-E59B8CCEF4E1}
	EndGlobalSection
EndGlobal
